
Microsoft Visual Studio Solution File, Format Version 12.00
# Visual Studio Version 16
VisualStudioVersion = 16.0.31205.134
MinimumVisualStudioVersion = 10.0.40219.1
Project("{FAE04EC0-301F-11D3-BF4B-00C04F79EFBC}") = "Proje_hastane", "Proje_hastane\Proje_hastane.csproj", "{93023401-7796-4071-8B47-4FA9E09BB126}"
EndProject
Global
	GlobalSection(SolutionConfigurationPlatforms) = preSolution
		Debug|Any CPU = Debug|Any CPU
		Release|Any CPU = Release|Any CPU
	EndGlobalSection
	GlobalSection(ProjectConfigurationPlatforms) = postSolution
		{93023401-7796-4071-8B47-4FA9E09BB126}.Debug|Any CPU.ActiveCfg = Debug|Any CPU
		{93023401-7796-4071-8B47-4FA9E09BB126}.Debug|Any CPU.Build.0 = Debug|Any CPU
		{93023401-7796-4071-8B47-4FA9E09BB126}.Release|Any CPU.ActiveCfg = Release|Any CPU
		{93023401-7796-4071-8B47-4FA9E09BB126}.Release|Any CPU.Build.0 = Release|Any CPU
	EndGlobalSection
	GlobalSection(SolutionProperties) = preSolution
		HideSolutionNode = FALSE
	EndGlobalSection
	GlobalSection(ExtensibilityGlobals) = postSolution
		SolutionGuid = {C4981387-E124-4944-A095-A1963045E9C2}
	EndGlobalSection
EndGlobal
